<?xml version="1.0" encoding="utf-8"?>
<Project ToolsVersion="4.0" xmlns="http://schemas.microsoft.com/developer/msbuild/2003">
  <ItemGroup>
    <ClCompile Include="..\Atacar.cpp" />
    <ClCompile Include="..\AtacarEsq.cpp" />
    <ClCompile Include="..\CopperOreObj.cpp" />
    <ClCompile Include="..\CreditScene.cpp" />
    <ClCompile Include="..\EndScene.cpp" />
    <ClCompile Include="..\Enemigo.cpp" />
    <ClCompile Include="..\EnemigoBase.cpp" />
    <ClCompile Include="..\Esqueletillo.cpp" />
    <ClCompile Include="..\Estado.cpp" />
    <ClCompile Include="..\EstadoEsq.cpp" />
    <ClCompile Include="..\Estar.cpp" />
    <ClCompile Include="..\EstarEsq.cpp" />
    <ClCompile Include="..\Game.cpp" />
    <ClCompile Include="..\GameObject.cpp" />
    <ClCompile Include="..\GameObjectFactory.cpp" />
    <ClCompile Include="..\GoldBarObj.cpp" />
    <ClCompile Include="..\GoldOreObj.cpp" />
    <ClCompile Include="..\GroundObj.cpp" />
    <ClCompile Include="..\Health.cpp" />
    <ClCompile Include="..\HelpScene.cpp" />
    <ClCompile Include="..\Inventory.cpp" />
    <ClCompile Include="..\IronBarObj.cpp" />
    <ClCompile Include="..\IronOreObj.cpp" />
    <ClCompile Include="..\main.cpp" />
    <ClCompile Include="..\MenuScene.cpp" />
    <ClCompile Include="..\Pickaxe.cpp" />
    <ClCompile Include="..\Player.cpp" />
    <ClCompile Include="..\Recipe.cpp" />
    <ClCompile Include="..\RecipeBook.cpp" />
    <ClCompile Include="..\RockObj.cpp" />
    <ClCompile Include="..\Scene.cpp" />
    <ClCompile Include="..\Shader.cpp" />
    <ClCompile Include="..\ShaderProgram.cpp" />
    <ClCompile Include="..\SilverOreObj.cpp" />
    <ClCompile Include="..\SoundController.cpp" />
    <ClCompile Include="..\Sprite.cpp" />
    <ClCompile Include="..\SwordObj.cpp" />
    <ClCompile Include="..\Text.cpp" />
    <ClCompile Include="..\Texture.cpp" />
    <ClCompile Include="..\TextureFactory.cpp" />
    <ClCompile Include="..\Tile.cpp" />
    <ClCompile Include="..\TileMap.cpp" />
    <ClCompile Include="..\Transformable.cpp" />
    <ClCompile Include="..\Abeja.cpp" />
  </ItemGroup>
  <ItemGroup>
    <ClInclude Include="..\Atacar.h" />
    <ClInclude Include="..\AtacarEsq.h" />
    <ClInclude Include="..\BasicScene.h" />
    <ClInclude Include="..\CopperOreObj.h" />
    <ClInclude Include="..\CreditScene.h" />
    <ClInclude Include="..\EndScene.h" />
    <ClInclude Include="..\Enemigo.h" />
    <ClInclude Include="..\EnemigoBase.h" />
    <ClInclude Include="..\Esqueletillo.h" />
    <ClInclude Include="..\Estado.h" />
    <ClInclude Include="..\EstadoEsq.h" />
    <ClInclude Include="..\Estar.h" />
    <ClInclude Include="..\EstarEsq.h" />
    <ClInclude Include="..\Game.h" />
    <ClInclude Include="..\GameObject.h" />
    <ClInclude Include="..\GameObjectFactory.h" />
    <ClInclude Include="..\GoldBarObj.h" />
    <ClInclude Include="..\GoldOreObj.h" />
    <ClInclude Include="..\GroundObj.h" />
    <ClInclude Include="..\Health.h" />
    <ClInclude Include="..\HelpScene.h" />
    <ClInclude Include="..\Inventory.h" />
    <ClInclude Include="..\IronBarObj.h" />
    <ClInclude Include="..\IronOreObj.h" />
    <ClInclude Include="..\Item.h" />
    <ClInclude Include="..\MenuScene.h" />
    <ClInclude Include="..\Pickaxe.h" />
    <ClInclude Include="..\Player.h" />
    <ClInclude Include="..\Recipe.h" />
    <ClInclude Include="..\RecipeBook.h" />
    <ClInclude Include="..\RockObj.h" />
    <ClInclude Include="..\Scene.h" />
    <ClInclude Include="..\Shader.h" />
    <ClInclude Include="..\ShaderProgram.h" />
    <ClInclude Include="..\SilverOreObj.h" />
    <ClInclude Include="..\SoundController.h" />
    <ClInclude Include="..\Sprite.h" />
    <ClInclude Include="..\SwordObj.h" />
    <ClInclude Include="..\Text.h" />
    <ClInclude Include="..\Texture.h" />
    <ClInclude Include="..\TextureFactory.h" />
    <ClInclude Include="..\Tile.h" />
    <ClInclude Include="..\TileMap.h" />
    <ClInclude Include="..\Transformable.h" />
    <ClInclude Include="..\Abeja.h" />
  </ItemGroup>
  <ItemGroup>
    <Image Include="images\bub.png" />
    <Image Include="images\items.png" />
    <Image Include="images\tiles.png" />
  </ItemGroup>
  <ItemGroup>
    <None Include="shaders\texture.frag" />
    <None Include="shaders\texture.vert" />
  </ItemGroup>
</Project>